
Microsoft Visual Studio Solution File, Format Version 12.00
# Visual Studio Version 16
VisualStudioVersion = 16.0.31613.86
MinimumVisualStudioVersion = 10.0.40219.1
Project("{FAE04EC0-301F-11D3-BF4B-00C04F79EFBC}") = "LojadeJogos", "LojadeJogos\LojadeJogos.csproj", "{22EDE14A-6D13-47EC-A99E-FF5D66D62C8B}"
EndProject
Global
	GlobalSection(SolutionConfigurationPlatforms) = preSolution
		Debug|Any CPU = Debug|Any CPU
		Release|Any CPU = Release|Any CPU
	EndGlobalSection
	GlobalSection(ProjectConfigurationPlatforms) = postSolution
		{22EDE14A-6D13-47EC-A99E-FF5D66D62C8B}.Debug|Any CPU.ActiveCfg = Debug|Any CPU
		{22EDE14A-6D13-47EC-A99E-FF5D66D62C8B}.Debug|Any CPU.Build.0 = Debug|Any CPU
		{22EDE14A-6D13-47EC-A99E-FF5D66D62C8B}.Release|Any CPU.ActiveCfg = Release|Any CPU
		{22EDE14A-6D13-47EC-A99E-FF5D66D62C8B}.Release|Any CPU.Build.0 = Release|Any CPU
	EndGlobalSection
	GlobalSection(SolutionProperties) = preSolution
		HideSolutionNode = FALSE
	EndGlobalSection
	GlobalSection(ExtensibilityGlobals) = postSolution
		SolutionGuid = {7A06EA10-224B-4266-8F0D-209121500305}
	EndGlobalSection
EndGlobal
